
Microsoft Visual Studio Solution File, Format Version 12.00
# Visual Studio Version 16
VisualStudioVersion = 16.0.30225.117
MinimumVisualStudioVersion = 10.0.40219.1
Project("{FAE04EC0-301F-11D3-BF4B-00C04F79EFBC}") = "DictionaryDEmo_Assignment", "DictionaryDEmo_Assignment\DictionaryDEmo_Assignment.csproj", "{7900520D-998B-498A-B231-7917F6587D6A}"
EndProject
Global
	GlobalSection(SolutionConfigurationPlatforms) = preSolution
		Debug|Any CPU = Debug|Any CPU
		Release|Any CPU = Release|Any CPU
	EndGlobalSection
	GlobalSection(ProjectConfigurationPlatforms) = postSolution
		{7900520D-998B-498A-B231-7917F6587D6A}.Debug|Any CPU.ActiveCfg = Debug|Any CPU
		{7900520D-998B-498A-B231-7917F6587D6A}.Debug|Any CPU.Build.0 = Debug|Any CPU
		{7900520D-998B-498A-B231-7917F6587D6A}.Release|Any CPU.ActiveCfg = Release|Any CPU
		{7900520D-998B-498A-B231-7917F6587D6A}.Release|Any CPU.Build.0 = Release|Any CPU
	EndGlobalSection
	GlobalSection(SolutionProperties) = preSolution
		HideSolutionNode = FALSE
	EndGlobalSection
	GlobalSection(ExtensibilityGlobals) = postSolution
		SolutionGuid = {42BB3689-AE17-4919-BBD3-600B3C149A1C}
	EndGlobalSection
EndGlobal
