
Microsoft Visual Studio Solution File, Format Version 12.00
# Visual Studio Version 16
VisualStudioVersion = 16.0.30225.117
MinimumVisualStudioVersion = 10.0.40219.1
Project("{FAE04EC0-301F-11D3-BF4B-00C04F79EFBC}") = "AssignmentListGenericMethodsExplore", "AssignmentListGenericMethodsExplore\AssignmentListGenericMethodsExplore.csproj", "{7CAA7A23-E932-4091-9B46-037480BAB8BE}"
EndProject
Global
	GlobalSection(SolutionConfigurationPlatforms) = preSolution
		Debug|Any CPU = Debug|Any CPU
		Release|Any CPU = Release|Any CPU
	EndGlobalSection
	GlobalSection(ProjectConfigurationPlatforms) = postSolution
		{7CAA7A23-E932-4091-9B46-037480BAB8BE}.Debug|Any CPU.ActiveCfg = Debug|Any CPU
		{7CAA7A23-E932-4091-9B46-037480BAB8BE}.Debug|Any CPU.Build.0 = Debug|Any CPU
		{7CAA7A23-E932-4091-9B46-037480BAB8BE}.Release|Any CPU.ActiveCfg = Release|Any CPU
		{7CAA7A23-E932-4091-9B46-037480BAB8BE}.Release|Any CPU.Build.0 = Release|Any CPU
	EndGlobalSection
	GlobalSection(SolutionProperties) = preSolution
		HideSolutionNode = FALSE
	EndGlobalSection
	GlobalSection(ExtensibilityGlobals) = postSolution
		SolutionGuid = {38BD83BE-625F-463E-8C47-C8603C72B20A}
	EndGlobalSection
EndGlobal
